{
  "name": "11-custom-writable-to-file-stream",
  "version": "1.0.0",
  "lockfileVersion": 1,
  "requires": true,
  "dependencies": {
    "mkdirp": {
      "version": "2.1.4",
      "resolved": "https://registry.npmjs.org/mkdirp/-/mkdirp-2.1.4.tgz",
      "integrity": "sha512-Cy9cV4pRSl1o10i1dURTuRt4T04l0DkS1WZrT+Jir886OqOVkSv4FbOA7pgjhS8kEUrmm4kCRvv5var2iOCxpA=="
    },
    "mkdirp-promise": {
      "version": "5.0.1",
      "resolved": "https://registry.npmjs.org/mkdirp-promise/-/mkdirp-promise-5.0.1.tgz",
      "integrity": "sha1-6bj2jlUsaKnBcTuEiD96HdA5uKE=",
      "requires": {
        "mkdirp": "*"
      }
    }
  }
}
